
Microsoft Visual Studio Solution File, Format Version 12.00
# Visual Studio Version 16
VisualStudioVersion = 16.0.30804.86
MinimumVisualStudioVersion = 10.0.40219.1
Project("{FAE04EC0-301F-11D3-BF4B-00C04F79EFBC}") = "TonyBark.Extensions", "TonyBark.Extensions\TonyBark.Extensions.csproj", "{B687FA1A-A891-4F43-9854-8F1A7F7C90C1}"
EndProject
Project("{2150E333-8FDC-42A3-9474-1A3956D46DE8}") = "Solution Items", "Solution Items", "{996FCEB2-130F-45A0-8877-7CB5FDA15BFC}"
	ProjectSection(SolutionItems) = preProject
		.editorconfig = .editorconfig
		TonyBark.Extensions.sln.licenseheader = TonyBark.Extensions.sln.licenseheader
	EndProjectSection
EndProject
Project("{FAE04EC0-301F-11D3-BF4B-00C04F79EFBC}") = "TonyBark.Extensions.Tests", "TonyBark.Extensions.Tests\TonyBark.Extensions.Tests.csproj", "{A8256806-90E8-4AC1-8777-4A3C9023C951}"
EndProject
Global
	GlobalSection(SolutionConfigurationPlatforms) = preSolution
		Debug|Any CPU = Debug|Any CPU
		Release|Any CPU = Release|Any CPU
	EndGlobalSection
	GlobalSection(ProjectConfigurationPlatforms) = postSolution
		{B687FA1A-A891-4F43-9854-8F1A7F7C90C1}.Debug|Any CPU.ActiveCfg = Debug|Any CPU
		{B687FA1A-A891-4F43-9854-8F1A7F7C90C1}.Debug|Any CPU.Build.0 = Debug|Any CPU
		{B687FA1A-A891-4F43-9854-8F1A7F7C90C1}.Release|Any CPU.ActiveCfg = Release|Any CPU
		{B687FA1A-A891-4F43-9854-8F1A7F7C90C1}.Release|Any CPU.Build.0 = Release|Any CPU
		{A8256806-90E8-4AC1-8777-4A3C9023C951}.Debug|Any CPU.ActiveCfg = Debug|Any CPU
		{A8256806-90E8-4AC1-8777-4A3C9023C951}.Debug|Any CPU.Build.0 = Debug|Any CPU
		{A8256806-90E8-4AC1-8777-4A3C9023C951}.Release|Any CPU.ActiveCfg = Release|Any CPU
		{A8256806-90E8-4AC1-8777-4A3C9023C951}.Release|Any CPU.Build.0 = Release|Any CPU
	EndGlobalSection
	GlobalSection(SolutionProperties) = preSolution
		HideSolutionNode = FALSE
	EndGlobalSection
	GlobalSection(ExtensibilityGlobals) = postSolution
		SolutionGuid = {4CC7127B-3921-480D-AB62-FEE439B85DEF}
	EndGlobalSection
EndGlobal
